
Microsoft Visual Studio Solution File, Format Version 12.00
# Visual Studio Version 17
VisualStudioVersion = 17.5.33530.505
MinimumVisualStudioVersion = 10.0.40219.1
Project("{FAE04EC0-301F-11D3-BF4B-00C04F79EFBC}") = "HanoiTowers", "HanoiTowers.csproj", "{02B08921-CCF1-44A5-9C75-AA96DB9F53D0}"
EndProject
Global
	GlobalSection(SolutionConfigurationPlatforms) = preSolution
		Debug|Any CPU = Debug|Any CPU
		Release|Any CPU = Release|Any CPU
	EndGlobalSection
	GlobalSection(ProjectConfigurationPlatforms) = postSolution
		{02B08921-CCF1-44A5-9C75-AA96DB9F53D0}.Debug|Any CPU.ActiveCfg = Debug|Any CPU
		{02B08921-CCF1-44A5-9C75-AA96DB9F53D0}.Debug|Any CPU.Build.0 = Debug|Any CPU
		{02B08921-CCF1-44A5-9C75-AA96DB9F53D0}.Release|Any CPU.ActiveCfg = Release|Any CPU
		{02B08921-CCF1-44A5-9C75-AA96DB9F53D0}.Release|Any CPU.Build.0 = Release|Any CPU
	EndGlobalSection
	GlobalSection(SolutionProperties) = preSolution
		HideSolutionNode = FALSE
	EndGlobalSection
	GlobalSection(ExtensibilityGlobals) = postSolution
		SolutionGuid = {6ECAA2AC-34CC-4A17-B2BA-25DE3B4EB1F5}
	EndGlobalSection
EndGlobal
